
Microsoft Visual Studio Solution File, Format Version 12.00
# Visual Studio 15
VisualStudioVersion = 15.0.26430.15
MinimumVisualStudioVersion = 10.0.40219.1
Project("{2150E333-8FDC-42A3-9474-1A3956D46DE8}") = "01UI", "01UI", "{C569688F-616C-4D7D-9BA7-2037D270E149}"
EndProject
Project("{2150E333-8FDC-42A3-9474-1A3956D46DE8}") = "03Service", "03Service", "{0B8DA649-898C-4CA3-AE17-F90A2A240216}"
EndProject
Project("{2150E333-8FDC-42A3-9474-1A3956D46DE8}") = "04Repository", "04Repository", "{C56755C8-B55F-4BF4-B203-EC36B573E41C}"
EndProject
Project("{2150E333-8FDC-42A3-9474-1A3956D46DE8}") = "05Common", "05Common", "{0D4C4A32-271B-4691-90B5-54BE6B624D46}"
EndProject
Project("{2150E333-8FDC-42A3-9474-1A3956D46DE8}") = "02Model", "02Model", "{F04F3F8C-79B8-4B41-B922-26DAD71EE68F}"
EndProject
Global
	GlobalSection(SolutionProperties) = preSolution
		HideSolutionNode = FALSE
	EndGlobalSection
	GlobalSection(ExtensibilityGlobals) = postSolution
		SolutionGuid = {CE0EA2DA-FFFF-4BE3-998E-6571E08FCE14}
	EndGlobalSection
EndGlobal
