
Microsoft Visual Studio Solution File, Format Version 12.00
# Visual Studio 15
VisualStudioVersion = 15.0.26730.12
MinimumVisualStudioVersion = 10.0.40219.1
Project("{FAE04EC0-301F-11D3-BF4B-00C04F79EFBC}") = "Web", "Web\Web.csproj", "{ACE34F4A-C56B-49F3-82BE-3D1BE7B852DF}"
EndProject
Global
	GlobalSection(SolutionConfigurationPlatforms) = preSolution
		Debug|Any CPU = Debug|Any CPU
		Release|Any CPU = Release|Any CPU
	EndGlobalSection
	GlobalSection(ProjectConfigurationPlatforms) = postSolution
		{ACE34F4A-C56B-49F3-82BE-3D1BE7B852DF}.Debug|Any CPU.ActiveCfg = Debug|Any CPU
		{ACE34F4A-C56B-49F3-82BE-3D1BE7B852DF}.Debug|Any CPU.Build.0 = Debug|Any CPU
		{ACE34F4A-C56B-49F3-82BE-3D1BE7B852DF}.Release|Any CPU.ActiveCfg = Release|Any CPU
		{ACE34F4A-C56B-49F3-82BE-3D1BE7B852DF}.Release|Any CPU.Build.0 = Release|Any CPU
	EndGlobalSection
	GlobalSection(SolutionProperties) = preSolution
		HideSolutionNode = FALSE
	EndGlobalSection
	GlobalSection(ExtensibilityGlobals) = postSolution
		SolutionGuid = {CE0EA2DA-FFFF-4BE3-998E-6571E08FCE14}
	EndGlobalSection
EndGlobal
